
Microsoft Visual Studio Solution File, Format Version 12.00
# Visual Studio Version 17
VisualStudioVersion = 17.7.34221.43
MinimumVisualStudioVersion = 10.0.40219.1
Project("{FAE04EC0-301F-11D3-BF4B-00C04F79EFBC}") = "AbstractLab2", "AbstractLab2\AbstractLab2.csproj", "{9CFA7D0C-D7A3-4310-9D3B-9AEA2E0D7705}"
EndProject
Global
	GlobalSection(SolutionConfigurationPlatforms) = preSolution
		Debug|Any CPU = Debug|Any CPU
		Release|Any CPU = Release|Any CPU
	EndGlobalSection
	GlobalSection(ProjectConfigurationPlatforms) = postSolution
		{9CFA7D0C-D7A3-4310-9D3B-9AEA2E0D7705}.Debug|Any CPU.ActiveCfg = Debug|Any CPU
		{9CFA7D0C-D7A3-4310-9D3B-9AEA2E0D7705}.Debug|Any CPU.Build.0 = Debug|Any CPU
		{9CFA7D0C-D7A3-4310-9D3B-9AEA2E0D7705}.Release|Any CPU.ActiveCfg = Release|Any CPU
		{9CFA7D0C-D7A3-4310-9D3B-9AEA2E0D7705}.Release|Any CPU.Build.0 = Release|Any CPU
	EndGlobalSection
	GlobalSection(SolutionProperties) = preSolution
		HideSolutionNode = FALSE
	EndGlobalSection
	GlobalSection(ExtensibilityGlobals) = postSolution
		SolutionGuid = {B0E38D60-6215-45E4-BE43-E217AB38CF5C}
	EndGlobalSection
EndGlobal
