
Microsoft Visual Studio Solution File, Format Version 12.00
# Visual Studio Version 17
VisualStudioVersion = 17.8.34322.80
MinimumVisualStudioVersion = 10.0.40219.1
Project("{FAE04EC0-301F-11D3-BF4B-00C04F79EFBC}") = "Adapter", "Adapter\Adapter.csproj", "{C00B03C3-04F1-455A-AF5E-89C7B1FEBA7C}"
EndProject
Global
	GlobalSection(SolutionConfigurationPlatforms) = preSolution
		Debug|Any CPU = Debug|Any CPU
		Release|Any CPU = Release|Any CPU
	EndGlobalSection
	GlobalSection(ProjectConfigurationPlatforms) = postSolution
		{C00B03C3-04F1-455A-AF5E-89C7B1FEBA7C}.Debug|Any CPU.ActiveCfg = Debug|Any CPU
		{C00B03C3-04F1-455A-AF5E-89C7B1FEBA7C}.Debug|Any CPU.Build.0 = Debug|Any CPU
		{C00B03C3-04F1-455A-AF5E-89C7B1FEBA7C}.Release|Any CPU.ActiveCfg = Release|Any CPU
		{C00B03C3-04F1-455A-AF5E-89C7B1FEBA7C}.Release|Any CPU.Build.0 = Release|Any CPU
	EndGlobalSection
	GlobalSection(SolutionProperties) = preSolution
		HideSolutionNode = FALSE
	EndGlobalSection
	GlobalSection(ExtensibilityGlobals) = postSolution
		SolutionGuid = {346E8E3E-DA78-4783-8FA5-BBC20A8A0F7B}
	EndGlobalSection
EndGlobal
