
Microsoft Visual Studio Solution File, Format Version 12.00
# Visual Studio Version 17
VisualStudioVersion = 17.8.34322.80
MinimumVisualStudioVersion = 10.0.40219.1
Project("{FAE04EC0-301F-11D3-BF4B-00C04F79EFBC}") = "Bridge", "Bridge\Bridge.csproj", "{0B86D49C-A3CF-4E66-BB85-7A16B87D5911}"
EndProject
Global
	GlobalSection(SolutionConfigurationPlatforms) = preSolution
		Debug|Any CPU = Debug|Any CPU
		Release|Any CPU = Release|Any CPU
	EndGlobalSection
	GlobalSection(ProjectConfigurationPlatforms) = postSolution
		{0B86D49C-A3CF-4E66-BB85-7A16B87D5911}.Debug|Any CPU.ActiveCfg = Debug|Any CPU
		{0B86D49C-A3CF-4E66-BB85-7A16B87D5911}.Debug|Any CPU.Build.0 = Debug|Any CPU
		{0B86D49C-A3CF-4E66-BB85-7A16B87D5911}.Release|Any CPU.ActiveCfg = Release|Any CPU
		{0B86D49C-A3CF-4E66-BB85-7A16B87D5911}.Release|Any CPU.Build.0 = Release|Any CPU
	EndGlobalSection
	GlobalSection(SolutionProperties) = preSolution
		HideSolutionNode = FALSE
	EndGlobalSection
	GlobalSection(ExtensibilityGlobals) = postSolution
		SolutionGuid = {5FD4ACB1-DA2B-4BE7-BC61-E9198EBF59CD}
	EndGlobalSection
EndGlobal
