
Microsoft Visual Studio Solution File, Format Version 12.00
# Visual Studio Version 17
VisualStudioVersion = 17.8.34322.80
MinimumVisualStudioVersion = 10.0.40219.1
Project("{FAE04EC0-301F-11D3-BF4B-00C04F79EFBC}") = "Composite", "Composite-and-Bridge\Composite.csproj", "{C8DFEC1C-7F49-4BEE-A8FF-59FDE91E99EA}"
EndProject
Global
	GlobalSection(SolutionConfigurationPlatforms) = preSolution
		Debug|Any CPU = Debug|Any CPU
		Release|Any CPU = Release|Any CPU
	EndGlobalSection
	GlobalSection(ProjectConfigurationPlatforms) = postSolution
		{C8DFEC1C-7F49-4BEE-A8FF-59FDE91E99EA}.Debug|Any CPU.ActiveCfg = Debug|Any CPU
		{C8DFEC1C-7F49-4BEE-A8FF-59FDE91E99EA}.Debug|Any CPU.Build.0 = Debug|Any CPU
		{C8DFEC1C-7F49-4BEE-A8FF-59FDE91E99EA}.Release|Any CPU.ActiveCfg = Release|Any CPU
		{C8DFEC1C-7F49-4BEE-A8FF-59FDE91E99EA}.Release|Any CPU.Build.0 = Release|Any CPU
	EndGlobalSection
	GlobalSection(SolutionProperties) = preSolution
		HideSolutionNode = FALSE
	EndGlobalSection
	GlobalSection(ExtensibilityGlobals) = postSolution
		SolutionGuid = {522AA6B4-40AB-4082-90A8-53F1D5398EE7}
	EndGlobalSection
EndGlobal
