
Microsoft Visual Studio Solution File, Format Version 12.00
# Visual Studio Version 17
VisualStudioVersion = 17.7.34221.43
MinimumVisualStudioVersion = 10.0.40219.1
Project("{FAE04EC0-301F-11D3-BF4B-00C04F79EFBC}") = "proxy", "proxy\proxy.csproj", "{D6304C65-7A74-408E-B52C-BABC2365C45F}"
EndProject
Global
	GlobalSection(SolutionConfigurationPlatforms) = preSolution
		Debug|Any CPU = Debug|Any CPU
		Release|Any CPU = Release|Any CPU
	EndGlobalSection
	GlobalSection(ProjectConfigurationPlatforms) = postSolution
		{D6304C65-7A74-408E-B52C-BABC2365C45F}.Debug|Any CPU.ActiveCfg = Debug|Any CPU
		{D6304C65-7A74-408E-B52C-BABC2365C45F}.Debug|Any CPU.Build.0 = Debug|Any CPU
		{D6304C65-7A74-408E-B52C-BABC2365C45F}.Release|Any CPU.ActiveCfg = Release|Any CPU
		{D6304C65-7A74-408E-B52C-BABC2365C45F}.Release|Any CPU.Build.0 = Release|Any CPU
	EndGlobalSection
	GlobalSection(SolutionProperties) = preSolution
		HideSolutionNode = FALSE
	EndGlobalSection
	GlobalSection(ExtensibilityGlobals) = postSolution
		SolutionGuid = {7ED48451-6457-45CA-BA75-BC8AEAC2EBF1}
	EndGlobalSection
EndGlobal
