
Microsoft Visual Studio Solution File, Format Version 12.00
# Visual Studio Version 17
VisualStudioVersion = 17.8.34511.84
MinimumVisualStudioVersion = 10.0.40219.1
Project("{FAE04EC0-301F-11D3-BF4B-00C04F79EFBC}") = "SubiectExamen1", "SubiectExamen1\SubiectExamen1.csproj", "{378B1A2B-C0F4-47C6-A675-B218ADE2CD23}"
EndProject
Global
	GlobalSection(SolutionConfigurationPlatforms) = preSolution
		Debug|Any CPU = Debug|Any CPU
		Release|Any CPU = Release|Any CPU
	EndGlobalSection
	GlobalSection(ProjectConfigurationPlatforms) = postSolution
		{378B1A2B-C0F4-47C6-A675-B218ADE2CD23}.Debug|Any CPU.ActiveCfg = Debug|Any CPU
		{378B1A2B-C0F4-47C6-A675-B218ADE2CD23}.Debug|Any CPU.Build.0 = Debug|Any CPU
		{378B1A2B-C0F4-47C6-A675-B218ADE2CD23}.Release|Any CPU.ActiveCfg = Release|Any CPU
		{378B1A2B-C0F4-47C6-A675-B218ADE2CD23}.Release|Any CPU.Build.0 = Release|Any CPU
	EndGlobalSection
	GlobalSection(SolutionProperties) = preSolution
		HideSolutionNode = FALSE
	EndGlobalSection
	GlobalSection(ExtensibilityGlobals) = postSolution
		SolutionGuid = {A176C58D-FCCD-427F-BE1F-D28213B1C46C}
	EndGlobalSection
EndGlobal
